%{
  "poison": {:hex, :poison, "3.1.0", "d9eb636610e096f86f25d9a46f35a9facac35609a7591b3be3326e99a0484665", [:mix], [], "hexpm", "fec8660eb7733ee4117b85f55799fd3833eb769a6df71ccf8903e8dc5447cfce"},
  "ranch": {:hex, :ranch, "2.0.0", "fbf3d79661c071543256f9051caf19d65daa6df1cf6824d8f37a49b19a66f703", [:rebar3], [], "hexpm", "c20a4840c7d6623c19812d3a7c828b2f1bd153ef0f124cb69c54fe51d8a42ae0"},
  "smppex": {:hex, :smppex, "3.0.1", "491d30d029fce95a423fc559bacfdd486a2978ebd77a728c854ee9144466e442", [:mix], [{:ranch, "~> 2.0", [hex: :ranch, repo: "hexpm", optional: false]}], "hexpm", "c9b9aa01512fa33d8ec9d7cf504a1bd7c9340472e1f97c6e8817f30f8defb6c2"},
}
